
Microsoft Visual Studio Solution File, Format Version 12.00
# Visual Studio Version 17
VisualStudioVersion = 17.9.34701.34
MinimumVisualStudioVersion = 10.0.40219.1
Project("{FAE04EC0-301F-11D3-BF4B-00C04F79EFBC}") = "Planner", "Planner\Planner.csproj", "{A358AD06-0783-41EF-A82E-9828126DA882}"
EndProject
Global
	GlobalSection(SolutionConfigurationPlatforms) = preSolution
		Debug|Any CPU = Debug|Any CPU
		Release|Any CPU = Release|Any CPU
	EndGlobalSection
	GlobalSection(ProjectConfigurationPlatforms) = postSolution
		{A358AD06-0783-41EF-A82E-9828126DA882}.Debug|Any CPU.ActiveCfg = Debug|Any CPU
		{A358AD06-0783-41EF-A82E-9828126DA882}.Debug|Any CPU.Build.0 = Debug|Any CPU
		{A358AD06-0783-41EF-A82E-9828126DA882}.Release|Any CPU.ActiveCfg = Release|Any CPU
		{A358AD06-0783-41EF-A82E-9828126DA882}.Release|Any CPU.Build.0 = Release|Any CPU
	EndGlobalSection
	GlobalSection(SolutionProperties) = preSolution
		HideSolutionNode = FALSE
	EndGlobalSection
	GlobalSection(ExtensibilityGlobals) = postSolution
		SolutionGuid = {8387B19A-CD7E-4F01-AA04-9D7AFD7A2409}
	EndGlobalSection
EndGlobal
